{
    "version": 3,
    "terraform_version": "0.11.13",
    "serial": 14,
    "lineage": "703e9847-4e05-561e-1acf-350c651ce7e4",
    "modules": [
        {
            "path": [
                "root"
            ],
            "outputs": {},
            "resources": {
                "aws_vpc.default": {
                    "type": "aws_vpc",
                    "depends_on": [],
                    "primary": {
                        "id": "vpc-0a07b91db2738b127",
                        "attributes": {
                            "arn": "arn:aws:ec2:us-east-1:634712661183:vpc/vpc-0a07b91db2738b127",
                            "assign_generated_ipv6_cidr_block": "false",
                            "cidr_block": "10.0.0.0/16",
                            "default_network_acl_id": "acl-0c99d98160223fe60",
                            "default_route_table_id": "rtb-0e6861f147f902032",
                            "default_security_group_id": "sg-04a4e91c57ac6b646",
                            "dhcp_options_id": "dopt-19f2b862",
                            "enable_classiclink": "false",
                            "enable_classiclink_dns_support": "false",
                            "enable_dns_hostnames": "true",
                            "enable_dns_support": "true",
                            "id": "vpc-0a07b91db2738b127",
                            "instance_tenancy": "default",
                            "ipv6_association_id": "",
                            "ipv6_cidr_block": "",
                            "main_route_table_id": "rtb-0e6861f147f902032",
                            "owner_id": "634712661183",
                            "tags.%": "1",
                            "tags.Name": "test-vpc"
                        },
                        "meta": {
                            "schema_version": "1"
                        },
                        "tainted": false
                    },
                    "deposed": [],
                    "provider": "provider.aws"
                }
            },
            "depends_on": []
        }
    ]
}
